
Microsoft Visual Studio Solution File, Format Version 12.00
# Visual Studio 14
VisualStudioVersion = 14.0.25420.1
MinimumVisualStudioVersion = 10.0.40219.1
Project("{2150E333-8FDC-42A3-9474-1A3956D46DE8}") = "src", "src", "{CC4C8741-7B3A-4389-AFEA-8739DEF3DA87}"
EndProject
Project("{2150E333-8FDC-42A3-9474-1A3956D46DE8}") = "Solution Items", "Solution Items", "{E89AA44F-FF00-4C1A-8968-6234E0B4B98D}"
	ProjectSection(SolutionItems) = preProject
		global.json = global.json
	EndProjectSection
EndProject
Project("{8BB2217D-0F2D-49D1-97BC-3654ED321F3B}") = "CoreTesting", "src\CoreTesting\CoreTesting.xproj", "{18DEF403-CCD4-4329-99EF-C8012FA6D3AA}"
EndProject
Global
	GlobalSection(SolutionConfigurationPlatforms) = preSolution
		Debug|Any CPU = Debug|Any CPU
		Release|Any CPU = Release|Any CPU
	EndGlobalSection
	GlobalSection(ProjectConfigurationPlatforms) = postSolution
		{18DEF403-CCD4-4329-99EF-C8012FA6D3AA}.Debug|Any CPU.ActiveCfg = Debug|Any CPU
		{18DEF403-CCD4-4329-99EF-C8012FA6D3AA}.Debug|Any CPU.Build.0 = Debug|Any CPU
		{18DEF403-CCD4-4329-99EF-C8012FA6D3AA}.Release|Any CPU.ActiveCfg = Release|Any CPU
		{18DEF403-CCD4-4329-99EF-C8012FA6D3AA}.Release|Any CPU.Build.0 = Release|Any CPU
	EndGlobalSection
	GlobalSection(SolutionProperties) = preSolution
		HideSolutionNode = FALSE
	EndGlobalSection
	GlobalSection(NestedProjects) = preSolution
		{18DEF403-CCD4-4329-99EF-C8012FA6D3AA} = {CC4C8741-7B3A-4389-AFEA-8739DEF3DA87}
	EndGlobalSection
EndGlobal
